
Microsoft Visual Studio Solution File, Format Version 12.00
Project("{FAE04EC0-301F-11D3-BF4B-00C04F79EFBC}") = "ManosabaLin", "ManosabaLin.csproj", "{4F0E998F-C3A8-4215-99B1-0E8D5D9A1883}"
EndProject
Global
	GlobalSection(SolutionConfigurationPlatforms) = preSolution
		Debug|Any CPU = Debug|Any CPU
		ExportDebug|Any CPU = ExportDebug|Any CPU
		ExportRelease|Any CPU = ExportRelease|Any CPU
	EndGlobalSection
	GlobalSection(ProjectConfigurationPlatforms) = postSolution
		{4F0E998F-C3A8-4215-99B1-0E8D5D9A1883}.Debug|Any CPU.ActiveCfg = Debug|Any CPU
		{4F0E998F-C3A8-4215-99B1-0E8D5D9A1883}.Debug|Any CPU.Build.0 = Debug|Any CPU
		{4F0E998F-C3A8-4215-99B1-0E8D5D9A1883}.ExportDebug|Any CPU.ActiveCfg = ExportDebug|Any CPU
		{4F0E998F-C3A8-4215-99B1-0E8D5D9A1883}.ExportDebug|Any CPU.Build.0 = ExportDebug|Any CPU
		{4F0E998F-C3A8-4215-99B1-0E8D5D9A1883}.ExportRelease|Any CPU.ActiveCfg = ExportRelease|Any CPU
		{4F0E998F-C3A8-4215-99B1-0E8D5D9A1883}.ExportRelease|Any CPU.Build.0 = ExportRelease|Any CPU
	EndGlobalSection
EndGlobal
